// !$*UTF8*$!
{
	archiveVersion = 1;
	classes = {
	};
	objectVersion = 56;
	objects = {

/* Begin PBXBuildFile section */
		8ADEF27C2ABABA65008A1D9B /* XcodeApp.swift in Sources */ = {isa = PBXBuildFile; fileRef = 8ADEF27B2ABABA65008A1D9B /* XcodeApp.swift */; };
		8ADEF27E2ABABA65008A1D9B /* ContentView.swift in Sources */ = {isa = PBXBuildFile; fileRef = 8ADEF27D2ABABA65008A1D9B /* ContentView.swift */; };
		8ADEF2802ABABA65008A1D9B /* Assets.xcassets in Resources */ = {isa = PBXBuildFile; fileRef = 8ADEF27F2ABABA65008A1D9B /* Assets.xcassets */; };
		8ADEF2832ABABA65008A1D9B /* Preview Assets.xcassets in Resources */ = {isa = PBXBuildFile; fileRef = 8ADEF2822ABABA65008A1D9B /* Preview Assets.xcassets */; };
		8ADEF28D2ABABA66008A1D9B /* XcodeTests.swift in Sources */ = {isa = PBXBuildFile; fileRef = 8ADEF28C2ABABA66008A1D9B /* XcodeTests.swift */; };
		8ADEF2972ABABA66008A1D9B /* XcodeUITests.swift in Sources */ = {isa = PBXBuildFile; fileRef = 8ADEF2962ABABA66008A1D9B /* XcodeUITests.swift */; };
		8ADEF2992ABABA66008A1D9B /* XcodeUITestsLaunchTests.swift in Sources */ = {isa = PBXBuildFile; fileRef = 8ADEF2982ABABA66008A1D9B /* XcodeUITestsLaunchTests.swift */; };
/* End PBXBuildFile section */

/* Begin PBXContainerItemProxy section */
		8ADEF2892ABABA66008A1D9B /* PBXContainerItemProxy */ = {
			isa = PBXContainerItemProxy;
			containerPortal = 8ADEF2702ABABA65008A1D9B /* Project object */;
			proxyType = 1;
			remoteGlobalIDString = 8ADEF2772ABABA65008A1D9B;
			remoteInfo = Xcode;
		};
		8ADEF2932ABABA66008A1D9B /* PBXContainerItemProxy */ = {
			isa = PBXContainerItemProxy;
			containerPortal = 8ADEF2702ABABA65008A1D9B /* Project object */;
			proxyType = 1;
			remoteGlobalIDString = 8ADEF2772ABABA65008A1D9B;
			remoteInfo = Xcode;
		};
/* End PBXContainerItemProxy section */

/* Begin PBXFileReference section */
		8ADEF2782ABABA65008A1D9B /* Xcode.app */ = {isa = PBXFileReference; explicitFileType = wrapper.application; includeInIndex = 0; path = Xcode.app; sourceTree = BUILT_PRODUCTS_DIR; };
		8ADEF27B2ABABA65008A1D9B /* XcodeApp.swift */ = {isa = PBXFileReference; lastKnownFileType = sourcecode.swift; path = XcodeApp.swift; sourceTree = "<group>"; };
		8ADEF27D2ABABA65008A1D9B /* ContentView.swift */ = {isa = PBXFileReference; lastKnownFileType = sourcecode.swift; path = ContentView.swift; sourceTree = "<group>"; };
		8ADEF27F2ABABA65008A1D9B /* Assets.xcassets */ = {isa = PBXFileReference; lastKnownFileType = folder.assetcatalog; path = Assets.xcassets; sourceTree = "<group>"; };
		8ADEF2822ABABA65008A1D9B /* Preview Assets.xcassets */ = {isa = PBXFileReference; lastKnownFileType = folder.assetcatalog; path = "Preview Assets.xcassets"; sourceTree = "<group>"; };
		8ADEF2882ABABA66008A1D9B /* XcodeTests.xctest */ = {isa = PBXFileReference; explicitFileType = wrapper.cfbundle; includeInIndex = 0; path = XcodeTests.xctest; sourceTree = BUILT_PRODUCTS_DIR; };
		8ADEF28C2ABABA66008A1D9B /* XcodeTests.swift */ = {isa = PBXFileReference; lastKnownFileType = sourcecode.swift; path = XcodeTests.swift; sourceTree = "<group>"; };
		8ADEF2922ABABA66008A1D9B /* XcodeUITests.xctest */ = {isa = PBXFileReference; explicitFileType = wrapper.cfbundle; includeInIndex = 0; path = XcodeUITests.xctest; sourceTree = BUILT_PRODUCTS_DIR; };
		8ADEF2962ABABA66008A1D9B /* XcodeUITests.swift */ = {isa = PBXFileReference; lastKnownFileType = sourcecode.swift; path = XcodeUITests.swift; sourceTree = "<group>"; };
		8ADEF2982ABABA66008A1D9B /* XcodeUITestsLaunchTests.swift */ = {isa = PBXFileReference; lastKnownFileType = sourcecode.swift; path = XcodeUITestsLaunchTests.swift; sourceTree = "<group>"; };
/* End PBXFileReference section */

/* Begin PBXFrameworksBuildPhase section */
		8ADEF2752ABABA65008A1D9B /* Frameworks */ = {
			isa = PBXFrameworksBuildPhase;
			buildActionMask = 2147483647;
			files = (
			);
			runOnlyForDeploymentPostprocessing = 0;
		};
		8ADEF2852ABABA66008A1D9B /* Frameworks */ = {
			isa = PBXFrameworksBuildPhase;
			buildActionMask = 2147483647;
			files = (
			);
			runOnlyForDeploymentPostprocessing = 0;
		};
		8ADEF28F2ABABA66008A1D9B /* Frameworks */ = {
			isa = PBXFrameworksBuildPhase;
			buildActionMask = 2147483647;
			files = (
			);
			runOnlyForDeploymentPostprocessing = 0;
		};
/* End PBXFrameworksBuildPhase section */

/* Begin PBXGroup section */
		8ADEF26F2ABABA65008A1D9B = {
			isa = PBXGroup;
			children = (
				8ADEF27A2ABABA65008A1D9B /* Xcode */,
				8ADEF28B2ABABA66008A1D9B /* XcodeTests */,
				8ADEF2952ABABA66008A1D9B /* XcodeUITests */,
				8ADEF2792ABABA65008A1D9B /* Products */,
			);
			sourceTree = "<group>";
		};
		8ADEF2792ABABA65008A1D9B /* Products */ = {
			isa = PBXGroup;
			children = (
				8ADEF2782ABABA65008A1D9B /* Xcode.app */,
				8ADEF2882ABABA66008A1D9B /* XcodeTests.xctest */,
				8ADEF2922ABABA66008A1D9B /* XcodeUITests.xctest */,
			);
			name = Products;
			sourceTree = "<group>";
		};
		8ADEF27A2ABABA65008A1D9B /* Xcode */ = {
			isa = PBXGroup;
			children = (
				8ADEF27B2ABABA65008A1D9B /* XcodeApp.swift */,
				8ADEF27D2ABABA65008A1D9B /* ContentView.swift */,
				8ADEF27F2ABABA65008A1D9B /* Assets.xcassets */,
				8ADEF2812ABABA65008A1D9B /* Preview Content */,
			);
			path = Xcode;
			sourceTree = "<group>";
		};
		8ADEF2812ABABA65008A1D9B /* Preview Content */ = {
			isa = PBXGroup;
			children = (
				8ADEF2822ABABA65008A1D9B /* Preview Assets.xcassets */,
			);
			path = "Preview Content";
			sourceTree = "<group>";
		};
		8ADEF28B2ABABA66008A1D9B /* XcodeTests */ = {
			isa = PBXGroup;
			children = (
				8ADEF28C2ABABA66008A1D9B /* XcodeTests.swift */,
			);
			path = XcodeTests;
			sourceTree = "<group>";
		};
		8ADEF2952ABABA66008A1D9B /* XcodeUITests */ = {
			isa = PBXGroup;
			children = (
				8ADEF2962ABABA66008A1D9B /* XcodeUITests.swift */,
				8ADEF2982ABABA66008A1D9B /* XcodeUITestsLaunchTests.swift */,
			);
			path = XcodeUITests;
			sourceTree = "<group>";
		};
/* End PBXGroup section */

/* Begin PBXNativeTarget section */
		8ADEF2772ABABA65008A1D9B /* Xcode */ = {
			isa = PBXNativeTarget;
			buildConfigurationList = 8ADEF29C2ABABA66008A1D9B /* Build configuration list for PBXNativeTarget "Xcode" */;
			buildPhases = (
				8ADEF2742ABABA65008A1D9B /* Sources */,
				8ADEF2752ABABA65008A1D9B /* Frameworks */,
				8ADEF2762ABABA65008A1D9B /* Resources */,
			);
			buildRules = (
			);
			dependencies = (
			);
			name = Xcode;
			productName = Xcode;
			productReference = 8ADEF2782ABABA65008A1D9B /* Xcode.app */;
			productType = "com.apple.product-type.application";
		};
		8ADEF2872ABABA66008A1D9B /* XcodeTests */ = {
			isa = PBXNativeTarget;
			buildConfigurationList = 8ADEF29F2ABABA66008A1D9B /* Build configuration list for PBXNativeTarget "XcodeTests" */;
			buildPhases = (
				8ADEF2842ABABA66008A1D9B /* Sources */,
				8ADEF2852ABABA66008A1D9B /* Frameworks */,
				8ADEF2862ABABA66008A1D9B /* Resources */,
			);
			buildRules = (
			);
			dependencies = (
				8ADEF28A2ABABA66008A1D9B /* PBXTargetDependency */,
			);
			name = XcodeTests;
			productName = XcodeTests;
			productReference = 8ADEF2882ABABA66008A1D9B /* XcodeTests.xctest */;
			productType = "com.apple.product-type.bundle.unit-test";
		};
		8ADEF2912ABABA66008A1D9B /* XcodeUITests */ = {
			isa = PBXNativeTarget;
			buildConfigurationList = 8ADEF2A22ABABA66008A1D9B /* Build configuration list for PBXNativeTarget "XcodeUITests" */;
			buildPhases = (
				8ADEF28E2ABABA66008A1D9B /* Sources */,
				8ADEF28F2ABABA66008A1D9B /* Frameworks */,
				8ADEF2902ABABA66008A1D9B /* Resources */,
			);
			buildRules = (
			);
			dependencies = (
				8ADEF2942ABABA66008A1D9B /* PBXTargetDependency */,
			);
			name = XcodeUITests;
			productName = XcodeUITests;
			productReference = 8ADEF2922ABABA66008A1D9B /* XcodeUITests.xctest */;
			productType = "com.apple.product-type.bundle.ui-testing";
		};
/* End PBXNativeTarget section */

/* Begin PBXProject section */
		8ADEF2702ABABA65008A1D9B /* Project object */ = {
			isa = PBXProject;
			attributes = {
				BuildIndependentTargetsInParallel = 1;
				LastSwiftUpdateCheck = 1430;
				LastUpgradeCheck = 1430;
				TargetAttributes = {
					8ADEF2772ABABA65008A1D9B = {
						CreatedOnToolsVersion = 14.3;
					};
					8ADEF2872ABABA66008A1D9B = {
						CreatedOnToolsVersion = 14.3;
						TestTargetID = 8ADEF2772ABABA65008A1D9B;
					};
					8ADEF2912ABABA66008A1D9B = {
						CreatedOnToolsVersion = 14.3;
						TestTargetID = 8ADEF2772ABABA65008A1D9B;
					};
				};
			};
			buildConfigurationList = 8ADEF2732ABABA65008A1D9B /* Build configuration list for PBXProject "Xcode" */;
			compatibilityVersion = "Xcode 14.0";
			developmentRegion = en;
			hasScannedForEncodings = 0;
			knownRegions = (
				en,
				Base,
			);
			mainGroup = 8ADEF26F2ABABA65008A1D9B;
			productRefGroup = 8ADEF2792ABABA65008A1D9B /* Products */;
			projectDirPath = "";
			projectRoot = "";
			targets = (
				8ADEF2772ABABA65008A1D9B /* Xcode */,
				8ADEF2872ABABA66008A1D9B /* XcodeTests */,
				8ADEF2912ABABA66008A1D9B /* XcodeUITests */,
			);
		};
/* End PBXProject section */

/* Begin PBXResourcesBuildPhase section */
		8ADEF2762ABABA65008A1D9B /* Resources */ = {
			isa = PBXResourcesBuildPhase;
			buildActionMask = 2147483647;
			files = (
				8ADEF2832ABABA65008A1D9B /* Preview Assets.xcassets in Resources */,
				8ADEF2802ABABA65008A1D9B /* Assets.xcassets in Resources */,
			);
			runOnlyForDeploymentPostprocessing = 0;
		};
		8ADEF2862ABABA66008A1D9B /* Resources */ = {
			isa = PBXResourcesBuildPhase;
			buildActionMask = 2147483647;
			files = (
			);
			runOnlyForDeploymentPostprocessing = 0;
		};
		8ADEF2902ABABA66008A1D9B /* Resources */ = {
			isa = PBXResourcesBuildPhase;
			buildActionMask = 2147483647;
			files = (
			);
			runOnlyForDeploymentPostprocessing = 0;
		};
/* End PBXResourcesBuildPhase section */

/* Begin PBXSourcesBuildPhase section */
		8ADEF2742ABABA65008A1D9B /* Sources */ = {
			isa = PBXSourcesBuildPhase;
			buildActionMask = 2147483647;
			files = (
				8ADEF27E2ABABA65008A1D9B /* ContentView.swift in Sources */,
				8ADEF27C2ABABA65008A1D9B /* XcodeApp.swift in Sources */,
			);
			runOnlyForDeploymentPostprocessing = 0;
		};
		8ADEF2842ABABA66008A1D9B /* Sources */ = {
			isa = PBXSourcesBuildPhase;
			buildActionMask = 2147483647;
			files = (
				8ADEF28D2ABABA66008A1D9B /* XcodeTests.swift in Sources */,
			);
			runOnlyForDeploymentPostprocessing = 0;
		};
		8ADEF28E2ABABA66008A1D9B /* Sources */ = {
			isa = PBXSourcesBuildPhase;
			buildActionMask = 2147483647;
			files = (
				8ADEF2992ABABA66008A1D9B /* XcodeUITestsLaunchTests.swift in Sources */,
				8ADEF2972ABABA66008A1D9B /* XcodeUITests.swift in Sources */,
			);
			runOnlyForDeploymentPostprocessing = 0;
		};
/* End PBXSourcesBuildPhase section */

/* Begin PBXTargetDependency section */
		8ADEF28A2ABABA66008A1D9B /* PBXTargetDependency */ = {
			isa = PBXTargetDependency;
			target = 8ADEF2772ABABA65008A1D9B /* Xcode */;
			targetProxy = 8ADEF2892ABABA66008A1D9B /* PBXContainerItemProxy */;
		};
		8ADEF2942ABABA66008A1D9B /* PBXTargetDependency */ = {
			isa = PBXTargetDependency;
			target = 8ADEF2772ABABA65008A1D9B /* Xcode */;
			targetProxy = 8ADEF2932ABABA66008A1D9B /* PBXContainerItemProxy */;
		};
/* End PBXTargetDependency section */

/* Begin XCBuildConfiguration section */
		8ADEF29A2ABABA66008A1D9B /* Debug */ = {
			isa = XCBuildConfiguration;
			buildSettings = {
				ALWAYS_SEARCH_USER_PATHS = NO;
				CLANG_ANALYZER_NONNULL = YES;
				CLANG_ANALYZER_NUMBER_OBJECT_CONVERSION = YES_AGGRESSIVE;
				CLANG_CXX_LANGUAGE_STANDARD = "gnu++20";
				CLANG_ENABLE_MODULES = YES;
				CLANG_ENABLE_OBJC_ARC = YES;
				CLANG_ENABLE_OBJC_WEAK = YES;
				CLANG_WARN_BLOCK_CAPTURE_AUTORELEASING = YES;
				CLANG_WARN_BOOL_CONVERSION = YES;
				CLANG_WARN_COMMA = YES;
				CLANG_WARN_CONSTANT_CONVERSION = YES;
				CLANG_WARN_DEPRECATED_OBJC_IMPLEMENTATIONS = YES;
				CLANG_WARN_DIRECT_OBJC_ISA_USAGE = YES_ERROR;
				CLANG_WARN_DOCUMENTATION_COMMENTS = YES;
				CLANG_WARN_EMPTY_BODY = YES;
				CLANG_WARN_ENUM_CONVERSION = YES;
				CLANG_WARN_INFINITE_RECURSION = YES;
				CLANG_WARN_INT_CONVERSION = YES;
				CLANG_WARN_NON_LITERAL_NULL_CONVERSION = YES;
				CLANG_WARN_OBJC_IMPLICIT_RETAIN_SELF = YES;
				CLANG_WARN_OBJC_LITERAL_CONVERSION = YES;
				CLANG_WARN_OBJC_ROOT_CLASS = YES_ERROR;
				CLANG_WARN_QUOTED_INCLUDE_IN_FRAMEWORK_HEADER = YES;
				CLANG_WARN_RANGE_LOOP_ANALYSIS = YES;
				CLANG_WARN_STRICT_PROTOTYPES = YES;
				CLANG_WARN_SUSPICIOUS_MOVE = YES;
				CLANG_WARN_UNGUARDED_AVAILABILITY = YES_AGGRESSIVE;
				CLANG_WARN_UNREACHABLE_CODE = YES;
				CLANG_WARN__DUPLICATE_METHOD_MATCH = YES;
				COPY_PHASE_STRIP = NO;
				DEBUG_INFORMATION_FORMAT = dwarf;
				ENABLE_STRICT_OBJC_MSGSEND = YES;
				ENABLE_TESTABILITY = YES;
				GCC_C_LANGUAGE_STANDARD = gnu11;
				GCC_DYNAMIC_NO_PIC = NO;
				GCC_NO_COMMON_BLOCKS = YES;
				GCC_OPTIMIZATION_LEVEL = 0;
				GCC_PREPROCESSOR_DEFINITIONS = (
					"DEBUG=1",
					"$(inherited)",
				);
				GCC_WARN_64_TO_32_BIT_CONVERSION = YES;
				GCC_WARN_ABOUT_RETURN_TYPE = YES_ERROR;
				GCC_WARN_UNDECLARED_SELECTOR = YES;
				GCC_WARN_UNINITIALIZED_AUTOS = YES_AGGRESSIVE;
				GCC_WARN_UNUSED_FUNCTION = YES;
				GCC_WARN_UNUSED_VARIABLE = YES;
				IPHONEOS_DEPLOYMENT_TARGET = 16.4;
				MTL_ENABLE_DEBUG_INFO = INCLUDE_SOURCE;
				MTL_FAST_MATH = YES;
				ONLY_ACTIVE_ARCH = YES;
				SDKROOT = iphoneos;
				SWIFT_ACTIVE_COMPILATION_CONDITIONS = DEBUG;
				SWIFT_OPTIMIZATION_LEVEL = "-Onone";
			};
			name = Debug;
		};
		8ADEF29B2ABABA66008A1D9B /* Release */ = {
			isa = XCBuildConfiguration;
			buildSettings = {
				ALWAYS_SEARCH_USER_PATHS = NO;
				CLANG_ANALYZER_NONNULL = YES;
				CLANG_ANALYZER_NUMBER_OBJECT_CONVERSION = YES_AGGRESSIVE;
				CLANG_CXX_LANGUAGE_STANDARD = "gnu++20";
				CLANG_ENABLE_MODULES = YES;
				CLANG_ENABLE_OBJC_ARC = YES;
				CLANG_ENABLE_OBJC_WEAK = YES;
				CLANG_WARN_BLOCK_CAPTURE_AUTORELEASING = YES;
				CLANG_WARN_BOOL_CONVERSION = YES;
				CLANG_WARN_COMMA = YES;
				CLANG_WARN_CONSTANT_CONVERSION = YES;
				CLANG_WARN_DEPRECATED_OBJC_IMPLEMENTATIONS = YES;
				CLANG_WARN_DIRECT_OBJC_ISA_USAGE = YES_ERROR;
				CLANG_WARN_DOCUMENTATION_COMMENTS = YES;
				CLANG_WARN_EMPTY_BODY = YES;
				CLANG_WARN_ENUM_CONVERSION = YES;
				CLANG_WARN_INFINITE_RECURSION = YES;
				CLANG_WARN_INT_CONVERSION = YES;
				CLANG_WARN_NON_LITERAL_NULL_CONVERSION = YES;
				CLANG_WARN_OBJC_IMPLICIT_RETAIN_SELF = YES;
				CLANG_WARN_OBJC_LITERAL_CONVERSION = YES;
				CLANG_WARN_OBJC_ROOT_CLASS = YES_ERROR;
				CLANG_WARN_QUOTED_INCLUDE_IN_FRAMEWORK_HEADER = YES;
				CLANG_WARN_RANGE_LOOP_ANALYSIS = YES;
				CLANG_WARN_STRICT_PROTOTYPES = YES;
				CLANG_WARN_SUSPICIOUS_MOVE = YES;
				CLANG_WARN_UNGUARDED_AVAILABILITY = YES_AGGRESSIVE;
				CLANG_WARN_UNREACHABLE_CODE = YES;
				CLANG_WARN__DUPLICATE_METHOD_MATCH = YES;
				COPY_PHASE_STRIP = NO;
				DEBUG_INFORMATION_FORMAT = "dwarf-with-dsym";
				ENABLE_NS_ASSERTIONS = NO;
				ENABLE_STRICT_OBJC_MSGSEND = YES;
				GCC_C_LANGUAGE_STANDARD = gnu11;
				GCC_NO_COMMON_BLOCKS = YES;
				GCC_WARN_64_TO_32_BIT_CONVERSION = YES;
				GCC_WARN_ABOUT_RETURN_TYPE = YES_ERROR;
				GCC_WARN_UNDECLARED_SELECTOR = YES;
				GCC_WARN_UNINITIALIZED_AUTOS = YES_AGGRESSIVE;
				GCC_WARN_UNUSED_FUNCTION = YES;
				GCC_WARN_UNUSED_VARIABLE = YES;
				IPHONEOS_DEPLOYMENT_TARGET = 16.4;
				MTL_ENABLE_DEBUG_INFO = NO;
				MTL_FAST_MATH = YES;
				SDKROOT = iphoneos;
				SWIFT_COMPILATION_MODE = wholemodule;
				SWIFT_OPTIMIZATION_LEVEL = "-O";
				VALIDATE_PRODUCT = YES;
			};
			name = Release;
		};
		8ADEF29D2ABABA66008A1D9B /* Debug */ = {
			isa = XCBuildConfiguration;
			buildSettings = {
				ASSETCATALOG_COMPILER_APPICON_NAME = AppIcon;
				ASSETCATALOG_COMPILER_GLOBAL_ACCENT_COLOR_NAME = AccentColor;
				CODE_SIGN_STYLE = Automatic;
				CURRENT_PROJECT_VERSION = 1;
				DEVELOPMENT_ASSET_PATHS = "\"Xcode/Preview Content\"";
				ENABLE_PREVIEWS = YES;
				GENERATE_INFOPLIST_FILE = YES;
				INFOPLIST_KEY_UIApplicationSceneManifest_Generation = YES;
				INFOPLIST_KEY_UIApplicationSupportsIndirectInputEvents = YES;
				INFOPLIST_KEY_UILaunchScreen_Generation = YES;
				INFOPLIST_KEY_UISupportedInterfaceOrientations_iPad = "UIInterfaceOrientationPortrait UIInterfaceOrientationPortraitUpsideDown UIInterfaceOrientationLandscapeLeft UIInterfaceOrientationLandscapeRight";
				INFOPLIST_KEY_UISupportedInterfaceOrientations_iPhone = "UIInterfaceOrientationPortrait UIInterfaceOrientationLandscapeLeft UIInterfaceOrientationLandscapeRight";
				LD_RUNPATH_SEARCH_PATHS = (
					"$(inherited)",
					"@executable_path/Frameworks",
				);
				MARKETING_VERSION = 1.0;
				PRODUCT_BUNDLE_IDENTIFIER = iOSapp.Xcode;
				PRODUCT_NAME = "$(TARGET_NAME)";
				SWIFT_EMIT_LOC_STRINGS = YES;
				SWIFT_VERSION = 5.0;
				TARGETED_DEVICE_FAMILY = "1,2";
			};
			name = Debug;
		};
		8ADEF29E2ABABA66008A1D9B /* Release */ = {
			isa = XCBuildConfiguration;
			buildSettings = {
				ASSETCATALOG_COMPILER_APPICON_NAME = AppIcon;
				ASSETCATALOG_COMPILER_GLOBAL_ACCENT_COLOR_NAME = AccentColor;
				CODE_SIGN_STYLE = Automatic;
				CURRENT_PROJECT_VERSION = 1;
				DEVELOPMENT_ASSET_PATHS = "\"Xcode/Preview Content\"";
				ENABLE_PREVIEWS = YES;
				GENERATE_INFOPLIST_FILE = YES;
				INFOPLIST_KEY_UIApplicationSceneManifest_Generation = YES;
				INFOPLIST_KEY_UIApplicationSupportsIndirectInputEvents = YES;
				INFOPLIST_KEY_UILaunchScreen_Generation = YES;
				INFOPLIST_KEY_UISupportedInterfaceOrientations_iPad = "UIInterfaceOrientationPortrait UIInterfaceOrientationPortraitUpsideDown UIInterfaceOrientationLandscapeLeft UIInterfaceOrientationLandscapeRight";
				INFOPLIST_KEY_UISupportedInterfaceOrientations_iPhone = "UIInterfaceOrientationPortrait UIInterfaceOrientationLandscapeLeft UIInterfaceOrientationLandscapeRight";
				LD_RUNPATH_SEARCH_PATHS = (
					"$(inherited)",
					"@executable_path/Frameworks",
				);
				MARKETING_VERSION = 1.0;
				PRODUCT_BUNDLE_IDENTIFIER = iOSapp.Xcode;
				PRODUCT_NAME = "$(TARGET_NAME)";
				SWIFT_EMIT_LOC_STRINGS = YES;
				SWIFT_VERSION = 5.0;
				TARGETED_DEVICE_FAMILY = "1,2";
			};
			name = Release;
		};
		8ADEF2A02ABABA66008A1D9B /* Debug */ = {
			isa = XCBuildConfiguration;
			buildSettings = {
				ALWAYS_EMBED_SWIFT_STANDARD_LIBRARIES = YES;
				BUNDLE_LOADER = "$(TEST_HOST)";
				CODE_SIGN_STYLE = Automatic;
				CURRENT_PROJECT_VERSION = 1;
				GENERATE_INFOPLIST_FILE = YES;
				IPHONEOS_DEPLOYMENT_TARGET = 16.4;
				MARKETING_VERSION = 1.0;
				PRODUCT_BUNDLE_IDENTIFIER = iOSapp.XcodeTests;
				PRODUCT_NAME = "$(TARGET_NAME)";
				SWIFT_EMIT_LOC_STRINGS = NO;
				SWIFT_VERSION = 5.0;
				TARGETED_DEVICE_FAMILY = "1,2";
				TEST_HOST = "$(BUILT_PRODUCTS_DIR)/Xcode.app/$(BUNDLE_EXECUTABLE_FOLDER_PATH)/Xcode";
			};
			name = Debug;
		};
		8ADEF2A12ABABA66008A1D9B /* Release */ = {
			isa = XCBuildConfiguration;
			buildSettings = {
				ALWAYS_EMBED_SWIFT_STANDARD_LIBRARIES = YES;
				BUNDLE_LOADER = "$(TEST_HOST)";
				CODE_SIGN_STYLE = Automatic;
				CURRENT_PROJECT_VERSION = 1;
				GENERATE_INFOPLIST_FILE = YES;
				IPHONEOS_DEPLOYMENT_TARGET = 16.4;
				MARKETING_VERSION = 1.0;
				PRODUCT_BUNDLE_IDENTIFIER = iOSapp.XcodeTests;
				PRODUCT_NAME = "$(TARGET_NAME)";
				SWIFT_EMIT_LOC_STRINGS = NO;
				SWIFT_VERSION = 5.0;
				TARGETED_DEVICE_FAMILY = "1,2";
				TEST_HOST = "$(BUILT_PRODUCTS_DIR)/Xcode.app/$(BUNDLE_EXECUTABLE_FOLDER_PATH)/Xcode";
			};
			name = Release;
		};
		8ADEF2A32ABABA66008A1D9B /* Debug */ = {
			isa = XCBuildConfiguration;
			buildSettings = {
				ALWAYS_EMBED_SWIFT_STANDARD_LIBRARIES = YES;
				CODE_SIGN_STYLE = Automatic;
				CURRENT_PROJECT_VERSION = 1;
				GENERATE_INFOPLIST_FILE = YES;
				MARKETING_VERSION = 1.0;
				PRODUCT_BUNDLE_IDENTIFIER = iOSapp.XcodeUITests;
				PRODUCT_NAME = "$(TARGET_NAME)";
				SWIFT_EMIT_LOC_STRINGS = NO;
				SWIFT_VERSION = 5.0;
				TARGETED_DEVICE_FAMILY = "1,2";
				TEST_TARGET_NAME = Xcode;
			};
			name = Debug;
		};
		8ADEF2A42ABABA66008A1D9B /* Release */ = {
			isa = XCBuildConfiguration;
			buildSettings = {
				ALWAYS_EMBED_SWIFT_STANDARD_LIBRARIES = YES;
				CODE_SIGN_STYLE = Automatic;
				CURRENT_PROJECT_VERSION = 1;
				GENERATE_INFOPLIST_FILE = YES;
				MARKETING_VERSION = 1.0;
				PRODUCT_BUNDLE_IDENTIFIER = iOSapp.XcodeUITests;
				PRODUCT_NAME = "$(TARGET_NAME)";
				SWIFT_EMIT_LOC_STRINGS = NO;
				SWIFT_VERSION = 5.0;
				TARGETED_DEVICE_FAMILY = "1,2";
				TEST_TARGET_NAME = Xcode;
			};
			name = Release;
		};
/* End XCBuildConfiguration section */

/* Begin XCConfigurationList section */
		8ADEF2732ABABA65008A1D9B /* Build configuration list for PBXProject "Xcode" */ = {
			isa = XCConfigurationList;
			buildConfigurations = (
				8ADEF29A2ABABA66008A1D9B /* Debug */,
				8ADEF29B2ABABA66008A1D9B /* Release */,
			);
			defaultConfigurationIsVisible = 0;
			defaultConfigurationName = Release;
		};
		8ADEF29C2ABABA66008A1D9B /* Build configuration list for PBXNativeTarget "Xcode" */ = {
			isa = XCConfigurationList;
			buildConfigurations = (
				8ADEF29D2ABABA66008A1D9B /* Debug */,
				8ADEF29E2ABABA66008A1D9B /* Release */,
			);
			defaultConfigurationIsVisible = 0;
			defaultConfigurationName = Release;
		};
		8ADEF29F2ABABA66008A1D9B /* Build configuration list for PBXNativeTarget "XcodeTests" */ = {
			isa = XCConfigurationList;
			buildConfigurations = (
				8ADEF2A02ABABA66008A1D9B /* Debug */,
				8ADEF2A12ABABA66008A1D9B /* Release */,
			);
			defaultConfigurationIsVisible = 0;
			defaultConfigurationName = Release;
		};
		8ADEF2A22ABABA66008A1D9B /* Build configuration list for PBXNativeTarget "XcodeUITests" */ = {
			isa = XCConfigurationList;
			buildConfigurations = (
				8ADEF2A32ABABA66008A1D9B /* Debug */,
				8ADEF2A42ABABA66008A1D9B /* Release */,
			);
			defaultConfigurationIsVisible = 0;
			defaultConfigurationName = Release;
		};
/* End XCConfigurationList section */
	};
	rootObject = 8ADEF2702ABABA65008A1D9B /* Project object */;
}
